
Microsoft Visual Studio Solution File, Format Version 12.00
# Visual Studio Version 16
VisualStudioVersion = 16.0.31019.35
MinimumVisualStudioVersion = 10.0.40219.1
Project("{9A19103F-16F7-4668-BE54-9A1E7A4F7556}") = "MainMail", "Mail\MainMail.csproj", "{43B43B25-6F2B-4A99-A563-D359A05FDD73}"
EndProject
Global
	GlobalSection(SolutionConfigurationPlatforms) = preSolution
		Debug|Any CPU = Debug|Any CPU
		Release|Any CPU = Release|Any CPU
	EndGlobalSection
	GlobalSection(ProjectConfigurationPlatforms) = postSolution
		{43B43B25-6F2B-4A99-A563-D359A05FDD73}.Debug|Any CPU.ActiveCfg = Debug|Any CPU
		{43B43B25-6F2B-4A99-A563-D359A05FDD73}.Debug|Any CPU.Build.0 = Debug|Any CPU
		{43B43B25-6F2B-4A99-A563-D359A05FDD73}.Release|Any CPU.ActiveCfg = Release|Any CPU
		{43B43B25-6F2B-4A99-A563-D359A05FDD73}.Release|Any CPU.Build.0 = Release|Any CPU
	EndGlobalSection
	GlobalSection(SolutionProperties) = preSolution
		HideSolutionNode = FALSE
	EndGlobalSection
	GlobalSection(ExtensibilityGlobals) = postSolution
		SolutionGuid = {55C8BF32-6D8F-43BD-9DDC-FC1CB4FFB285}
	EndGlobalSection
EndGlobal
